
Microsoft Visual Studio Solution File, Format Version 12.00
# Visual Studio 15
VisualStudioVersion = 15.0.28307.106
MinimumVisualStudioVersion = 10.0.40219.1
Project("{FAE04EC0-301F-11D3-BF4B-00C04F79EFBC}") = "41-razmerRasstegaev", "41-razmerRasstegaev\41-razmerRasstegaev.csproj", "{A31C27F9-7F2C-4AEA-BFBD-363B4984F39D}"
EndProject
Global
	GlobalSection(SolutionConfigurationPlatforms) = preSolution
		Debug|Any CPU = Debug|Any CPU
		Release|Any CPU = Release|Any CPU
	EndGlobalSection
	GlobalSection(ProjectConfigurationPlatforms) = postSolution
		{A31C27F9-7F2C-4AEA-BFBD-363B4984F39D}.Debug|Any CPU.ActiveCfg = Debug|Any CPU
		{A31C27F9-7F2C-4AEA-BFBD-363B4984F39D}.Debug|Any CPU.Build.0 = Debug|Any CPU
		{A31C27F9-7F2C-4AEA-BFBD-363B4984F39D}.Release|Any CPU.ActiveCfg = Release|Any CPU
		{A31C27F9-7F2C-4AEA-BFBD-363B4984F39D}.Release|Any CPU.Build.0 = Release|Any CPU
	EndGlobalSection
	GlobalSection(SolutionProperties) = preSolution
		HideSolutionNode = FALSE
	EndGlobalSection
	GlobalSection(ExtensibilityGlobals) = postSolution
		SolutionGuid = {4694548A-2BB4-4C34-90F8-C6D23888E0C0}
	EndGlobalSection
EndGlobal
